dependencies:
- name: sidecarInjectorWebhook
  repository: file://./helm-charts/sidecarInjectorWebhook
  version: 1.0.0
- name: security
  repository: file://./helm-charts/security
  version: 1.0.0
- name: ingress
  repository: file://./helm-charts/ingress
  version: 1.0.0
- name: gateways
  repository: file://./helm-charts/gateways
  version: 1.0.0
- name: mixer
  repository: file://./helm-charts/mixer
  version: 1.0.0
- name: pilot
  repository: file://./helm-charts/pilot
  version: 1.0.0
- name: grafana
  repository: file://./helm-charts/grafana
  version: 0.1.0
- name: prometheus
  repository: file://./helm-charts/prometheus
  version: 0.1.0
- name: servicegraph
  repository: file://./helm-charts/servicegraph
  version: 0.1.0
- name: tracing
  repository: file://./helm-charts/tracing
  version: 0.1.0
- name: galley
  repository: file://./helm-charts/galley
  version: 1.0.0
- name: kiali
  repository: file://./helm-charts/kiali
  version: 0.5.1
- name: certmanager
  repository: file://./helm-charts/certmanager
  version: 0.1.0
digest: sha256:867832a37a0d52afba090c281262d93ad4d3465679c8021281ffaa756a9e7f8b
generated: 2018-08-01T12:41:14.406407401+02:00
