dependencies:
- name: sidecarInjectorWebhook
  repository: file://./helm-charts/sidecarInjectorWebhook
  version: 1.1.0
- name: security
  repository: file://./helm-charts/security
  version: 1.1.0
- name: ingress
  repository: file://./helm-charts/ingress
  version: 1.1.0
- name: gateways
  repository: file://./helm-charts/gateways
  version: 1.1.0
- name: mixer
  repository: file://./helm-charts/mixer
  version: 1.1.0
- name: pilot
  repository: file://./helm-charts/pilot
  version: 1.1.0
- name: grafana
  repository: file://./helm-charts/grafana
  version: 1.1.0
- name: prometheus
  repository: file://./helm-charts/prometheus
  version: 1.1.0
- name: servicegraph
  repository: file://./helm-charts/servicegraph
  version: 1.1.0
- name: tracing
  repository: file://./helm-charts/tracing
  version: 1.1.0
- name: galley
  repository: file://./helm-charts/galley
  version: 1.1.0
- name: kiali
  repository: file://./helm-charts/kiali
  version: 1.1.0
- name: certmanager
  repository: file://./helm-charts/certmanager
  version: 1.1.0
digest: sha256:c2017b005f5623a5a8add52a9fac6f9684b74dfe0ab2bcc409c197f1d5722788
generated: 2018-10-23T13:22:55.531577929+02:00
